
Microsoft Visual Studio Solution File, Format Version 12.00
# Visual Studio Version 17
VisualStudioVersion = 17.2.32516.85
MinimumVisualStudioVersion = 10.0.40219.1
Project("{FAE04EC0-301F-11D3-BF4B-00C04F79EFBC}") = "Tecnologia_vestible.Android", "Tecnologia_vestible.Android\Tecnologia_vestible.Android.csproj", "{84EA2246-42FE-4A52-9DA1-46F70F840D71}"
EndProject
Project("{FAE04EC0-301F-11D3-BF4B-00C04F79EFBC}") = "Tecnologia_vestible", "Tecnologia_vestible\Tecnologia_vestible.csproj", "{1FD9A05D-7142-4CF5-9EAD-AAF435B36B1A}"
EndProject
Global
	GlobalSection(SolutionConfigurationPlatforms) = preSolution
		Debug|Any CPU = Debug|Any CPU
		Release|Any CPU = Release|Any CPU
	EndGlobalSection
	GlobalSection(ProjectConfigurationPlatforms) = postSolution
		{84EA2246-42FE-4A52-9DA1-46F70F840D71}.Debug|Any CPU.ActiveCfg = Debug|Any CPU
		{84EA2246-42FE-4A52-9DA1-46F70F840D71}.Debug|Any CPU.Build.0 = Debug|Any CPU
		{84EA2246-42FE-4A52-9DA1-46F70F840D71}.Debug|Any CPU.Deploy.0 = Debug|Any CPU
		{84EA2246-42FE-4A52-9DA1-46F70F840D71}.Release|Any CPU.ActiveCfg = Release|Any CPU
		{84EA2246-42FE-4A52-9DA1-46F70F840D71}.Release|Any CPU.Build.0 = Release|Any CPU
		{84EA2246-42FE-4A52-9DA1-46F70F840D71}.Release|Any CPU.Deploy.0 = Release|Any CPU
		{1FD9A05D-7142-4CF5-9EAD-AAF435B36B1A}.Debug|Any CPU.ActiveCfg = Debug|Any CPU
		{1FD9A05D-7142-4CF5-9EAD-AAF435B36B1A}.Debug|Any CPU.Build.0 = Debug|Any CPU
		{1FD9A05D-7142-4CF5-9EAD-AAF435B36B1A}.Debug|Any CPU.Deploy.0 = Debug|Any CPU
		{1FD9A05D-7142-4CF5-9EAD-AAF435B36B1A}.Release|Any CPU.ActiveCfg = Release|Any CPU
		{1FD9A05D-7142-4CF5-9EAD-AAF435B36B1A}.Release|Any CPU.Build.0 = Release|Any CPU
		{1FD9A05D-7142-4CF5-9EAD-AAF435B36B1A}.Release|Any CPU.Deploy.0 = Release|Any CPU
	EndGlobalSection
	GlobalSection(SolutionProperties) = preSolution
		HideSolutionNode = FALSE
	EndGlobalSection
	GlobalSection(ExtensibilityGlobals) = postSolution
		SolutionGuid = {C3B3D050-9903-4BB6-BCA0-331DA62E0C25}
	EndGlobalSection
EndGlobal
